
Microsoft Visual Studio Solution File, Format Version 12.00
# Visual Studio Version 17
VisualStudioVersion = 17.7.34024.191
MinimumVisualStudioVersion = 10.0.40219.1
Project("{FAE04EC0-301F-11D3-BF4B-00C04F79EFBC}") = "DemoStringbuilder", "DemoStringbuilder\DemoStringbuilder.csproj", "{8B9ADD6A-5DEE-402C-A4FC-C35F8F1DD2DA}"
EndProject
Global
	GlobalSection(SolutionConfigurationPlatforms) = preSolution
		Debug|Any CPU = Debug|Any CPU
		Release|Any CPU = Release|Any CPU
	EndGlobalSection
	GlobalSection(ProjectConfigurationPlatforms) = postSolution
		{8B9ADD6A-5DEE-402C-A4FC-C35F8F1DD2DA}.Debug|Any CPU.ActiveCfg = Debug|Any CPU
		{8B9ADD6A-5DEE-402C-A4FC-C35F8F1DD2DA}.Debug|Any CPU.Build.0 = Debug|Any CPU
		{8B9ADD6A-5DEE-402C-A4FC-C35F8F1DD2DA}.Release|Any CPU.ActiveCfg = Release|Any CPU
		{8B9ADD6A-5DEE-402C-A4FC-C35F8F1DD2DA}.Release|Any CPU.Build.0 = Release|Any CPU
	EndGlobalSection
	GlobalSection(SolutionProperties) = preSolution
		HideSolutionNode = FALSE
	EndGlobalSection
	GlobalSection(ExtensibilityGlobals) = postSolution
		SolutionGuid = {3360FCCA-4805-4812-AB87-88437D1E10C6}
	EndGlobalSection
EndGlobal
